
Microsoft Visual Studio Solution File, Format Version 12.00
# Visual Studio 15
VisualStudioVersion = 15.0.26730.15
MinimumVisualStudioVersion = 10.0.40219.1
Project("{FAE04EC0-301F-11D3-BF4B-00C04F79EFBC}") = "ConferenceBot", "ConferenceBot\ConferenceBot.csproj", "{67864FD9-D750-4D81-A2B7-80037EF76A23}"
EndProject
Global
	GlobalSection(SolutionConfigurationPlatforms) = preSolution
		Debug|Any CPU = Debug|Any CPU
		Release|Any CPU = Release|Any CPU
	EndGlobalSection
	GlobalSection(ProjectConfigurationPlatforms) = postSolution
		{67864FD9-D750-4D81-A2B7-80037EF76A23}.Debug|Any CPU.ActiveCfg = Debug|Any CPU
		{67864FD9-D750-4D81-A2B7-80037EF76A23}.Debug|Any CPU.Build.0 = Debug|Any CPU
		{67864FD9-D750-4D81-A2B7-80037EF76A23}.Release|Any CPU.ActiveCfg = Release|Any CPU
		{67864FD9-D750-4D81-A2B7-80037EF76A23}.Release|Any CPU.Build.0 = Release|Any CPU
	EndGlobalSection
	GlobalSection(SolutionProperties) = preSolution
		HideSolutionNode = FALSE
	EndGlobalSection
	GlobalSection(ExtensibilityGlobals) = postSolution
		SolutionGuid = {248820FA-A290-414A-8199-C3EDFC7C1671}
	EndGlobalSection
EndGlobal
